
Microsoft Visual Studio Solution File, Format Version 12.00
# Visual Studio Version 17
VisualStudioVersion = 17.2.32526.322
MinimumVisualStudioVersion = 10.0.40219.1
Project("{FAE04EC0-301F-11D3-BF4B-00C04F79EFBC}") = "AutoReady", "AutoReady.csproj", "{4DF9D3BF-085C-46A4-A4FD-56D9DA2660F6}"
EndProject
Global
	GlobalSection(SolutionConfigurationPlatforms) = preSolution
		Debug|Any CPU = Debug|Any CPU
		Release|Any CPU = Release|Any CPU
	EndGlobalSection
	GlobalSection(ProjectConfigurationPlatforms) = postSolution
		{4DF9D3BF-085C-46A4-A4FD-56D9DA2660F6}.Debug|Any CPU.ActiveCfg = Debug|Any CPU
		{4DF9D3BF-085C-46A4-A4FD-56D9DA2660F6}.Debug|Any CPU.Build.0 = Debug|Any CPU
		{4DF9D3BF-085C-46A4-A4FD-56D9DA2660F6}.Release|Any CPU.ActiveCfg = Release|Any CPU
		{4DF9D3BF-085C-46A4-A4FD-56D9DA2660F6}.Release|Any CPU.Build.0 = Release|Any CPU
	EndGlobalSection
	GlobalSection(SolutionProperties) = preSolution
		HideSolutionNode = FALSE
	EndGlobalSection
	GlobalSection(ExtensibilityGlobals) = postSolution
		SolutionGuid = {9E41069F-9CD9-4C0B-A5E0-E149FE8DB3A9}
	EndGlobalSection
EndGlobal
